// !$*UTF8*$!
{
	archiveVersion = 1;
	classes = {
	};
	objectVersion = 56;
	objects = {

/* Begin PBXBuildFile section */
		6103E78A2BBE219300B22D42 /* SortOption.swift in Sources */ = {isa = PBXBuildFile; fileRef = 6103E7892BBE219300B22D42 /* SortOption.swift */; };
		6103E78C2BBE21F800B22D42 /* WatchedView.swift in Sources */ = {isa = PBXBuildFile; fileRef = 6103E78B2BBE21F800B22D42 /* WatchedView.swift */; };
		6103E78E2BBE232300B22D42 /* WantToWatchView.swift in Sources */ = {isa = PBXBuildFile; fileRef = 6103E78D2BBE232300B22D42 /* WantToWatchView.swift */; };
		6103E7902BBE27A400B22D42 /* MovieDetails.swift in Sources */ = {isa = PBXBuildFile; fileRef = 6103E78F2BBE27A400B22D42 /* MovieDetails.swift */; };
		6103E7922BBE2B8900B22D42 /* MovieDetailsHelperViews.swift in Sources */ = {isa = PBXBuildFile; fileRef = 6103E7912BBE2B8900B22D42 /* MovieDetailsHelperViews.swift */; };
		6180C6772BBDBB4E006E7BFD /* FavouritesView.swift in Sources */ = {isa = PBXBuildFile; fileRef = 6180C6762BBDBB4E006E7BFD /* FavouritesView.swift */; };
		6180C6792BBDBC46006E7BFD /* ListFilmCard.swift in Sources */ = {isa = PBXBuildFile; fileRef = 6180C6782BBDBC46006E7BFD /* ListFilmCard.swift */; };
		6181A52E2B8D2D2E005710FB /* Config.swift in Sources */ = {isa = PBXBuildFile; fileRef = 6181A52D2B8D2D2E005710FB /* Config.swift */; };
		6187D9212BB08AF80069CC8A /* ContentView.swift in Sources */ = {isa = PBXBuildFile; fileRef = 6187D9202BB08AF70069CC8A /* ContentView.swift */; };
		61937E8B2BC028BB00D86046 /* SearchView.swift in Sources */ = {isa = PBXBuildFile; fileRef = 61937E8A2BC028BB00D86046 /* SearchView.swift */; };
		61C219102BBD7A4D0059B1F2 /* MovieDiaryData.xcdatamodeld in Sources */ = {isa = PBXBuildFile; fileRef = 61C2190E2BBD7A4D0059B1F2 /* MovieDiaryData.xcdatamodeld */; };
		61CA59A52B6B061E00C80D44 /* MovieCard.swift in Sources */ = {isa = PBXBuildFile; fileRef = 61CA59A42B6B061E00C80D44 /* MovieCard.swift */; };
		61CA59A82B6B0D8400C80D44 /* MovieDiaryViewModel.swift in Sources */ = {isa = PBXBuildFile; fileRef = 61CA59A72B6B0D8400C80D44 /* MovieDiaryViewModel.swift */; };
		61CC29DD2B35CEBE0086CDFE /* Movie_DiaryApp.swift in Sources */ = {isa = PBXBuildFile; fileRef = 61CC29DC2B35CEBE0086CDFE /* Movie_DiaryApp.swift */; };
		61CC29E12B35CEC00086CDFE /* Assets.xcassets in Resources */ = {isa = PBXBuildFile; fileRef = 61CC29E02B35CEC00086CDFE /* Assets.xcassets */; };
		61CC29E42B35CEC00086CDFE /* Preview Assets.xcassets in Resources */ = {isa = PBXBuildFile; fileRef = 61CC29E32B35CEC00086CDFE /* Preview Assets.xcassets */; };
		61D203B52BBD94F400563CF4 /* MovieDataProvider.swift in Sources */ = {isa = PBXBuildFile; fileRef = 61D203B42BBD94F400563CF4 /* MovieDataProvider.swift */; };
		61D9988D2BC0641C005B9AF7 /* Structures.swift in Sources */ = {isa = PBXBuildFile; fileRef = 61D9988C2BC0641C005B9AF7 /* Structures.swift */; };
		61D9988F2BC06549005B9AF7 /* SearchListView.swift in Sources */ = {isa = PBXBuildFile; fileRef = 61D9988E2BC06549005B9AF7 /* SearchListView.swift */; };
		61D998912BC06789005B9AF7 /* ListMovieCard.swift in Sources */ = {isa = PBXBuildFile; fileRef = 61D998902BC06789005B9AF7 /* ListMovieCard.swift */; };
		61D998932BC06B4D005B9AF7 /* SearchMovieDetails.swift in Sources */ = {isa = PBXBuildFile; fileRef = 61D998922BC06B4D005B9AF7 /* SearchMovieDetails.swift */; };
		61D998952BC0780D005B9AF7 /* GenreListView.swift in Sources */ = {isa = PBXBuildFile; fileRef = 61D998942BC0780D005B9AF7 /* GenreListView.swift */; };
/* End PBXBuildFile section */

/* Begin PBXFileReference section */
		6103E7892BBE219300B22D42 /* SortOption.swift */ = {isa = PBXFileReference; lastKnownFileType = sourcecode.swift; path = SortOption.swift; sourceTree = "<group>"; };
		6103E78B2BBE21F800B22D42 /* WatchedView.swift */ = {isa = PBXFileReference; lastKnownFileType = sourcecode.swift; path = WatchedView.swift; sourceTree = "<group>"; };
		6103E78D2BBE232300B22D42 /* WantToWatchView.swift */ = {isa = PBXFileReference; lastKnownFileType = sourcecode.swift; path = WantToWatchView.swift; sourceTree = "<group>"; };
		6103E78F2BBE27A400B22D42 /* MovieDetails.swift */ = {isa = PBXFileReference; lastKnownFileType = sourcecode.swift; path = MovieDetails.swift; sourceTree = "<group>"; };
		6103E7912BBE2B8900B22D42 /* MovieDetailsHelperViews.swift */ = {isa = PBXFileReference; lastKnownFileType = sourcecode.swift; path = MovieDetailsHelperViews.swift; sourceTree = "<group>"; };
		6180C6762BBDBB4E006E7BFD /* FavouritesView.swift */ = {isa = PBXFileReference; lastKnownFileType = sourcecode.swift; path = FavouritesView.swift; sourceTree = "<group>"; };
		6180C6782BBDBC46006E7BFD /* ListFilmCard.swift */ = {isa = PBXFileReference; lastKnownFileType = sourcecode.swift; path = ListFilmCard.swift; sourceTree = "<group>"; };
		6181A52D2B8D2D2E005710FB /* Config.swift */ = {isa = PBXFileReference; lastKnownFileType = sourcecode.swift; path = Config.swift; sourceTree = "<group>"; };
		6187D9202BB08AF70069CC8A /* ContentView.swift */ = {isa = PBXFileReference; fileEncoding = 4; lastKnownFileType = sourcecode.swift; path = ContentView.swift; sourceTree = "<group>"; };
		61937E8A2BC028BB00D86046 /* SearchView.swift */ = {isa = PBXFileReference; lastKnownFileType = sourcecode.swift; path = SearchView.swift; sourceTree = "<group>"; };
		61C2190F2BBD7A4D0059B1F2 /* MovieDiaryData.xcdatamodel */ = {isa = PBXFileReference; lastKnownFileType = wrapper.xcdatamodel; path = MovieDiaryData.xcdatamodel; sourceTree = "<group>"; };
		61CA59A42B6B061E00C80D44 /* MovieCard.swift */ = {isa = PBXFileReference; lastKnownFileType = sourcecode.swift; path = MovieCard.swift; sourceTree = "<group>"; };
		61CA59A72B6B0D8400C80D44 /* MovieDiaryViewModel.swift */ = {isa = PBXFileReference; lastKnownFileType = sourcecode.swift; path = MovieDiaryViewModel.swift; sourceTree = "<group>"; };
		61CC29D92B35CEBE0086CDFE /* Movie Diary.app */ = {isa = PBXFileReference; explicitFileType = wrapper.application; includeInIndex = 0; path = "Movie Diary.app"; sourceTree = BUILT_PRODUCTS_DIR; };
		61CC29DC2B35CEBE0086CDFE /* Movie_DiaryApp.swift */ = {isa = PBXFileReference; lastKnownFileType = sourcecode.swift; path = Movie_DiaryApp.swift; sourceTree = "<group>"; };
		61CC29E02B35CEC00086CDFE /* Assets.xcassets */ = {isa = PBXFileReference; lastKnownFileType = folder.assetcatalog; path = Assets.xcassets; sourceTree = "<group>"; };
		61CC29E32B35CEC00086CDFE /* Preview Assets.xcassets */ = {isa = PBXFileReference; lastKnownFileType = folder.assetcatalog; path = "Preview Assets.xcassets"; sourceTree = "<group>"; };
		61D203B42BBD94F400563CF4 /* MovieDataProvider.swift */ = {isa = PBXFileReference; lastKnownFileType = sourcecode.swift; path = MovieDataProvider.swift; sourceTree = "<group>"; };
		61D9988C2BC0641C005B9AF7 /* Structures.swift */ = {isa = PBXFileReference; lastKnownFileType = sourcecode.swift; path = Structures.swift; sourceTree = "<group>"; };
		61D9988E2BC06549005B9AF7 /* SearchListView.swift */ = {isa = PBXFileReference; lastKnownFileType = sourcecode.swift; path = SearchListView.swift; sourceTree = "<group>"; };
		61D998902BC06789005B9AF7 /* ListMovieCard.swift */ = {isa = PBXFileReference; lastKnownFileType = sourcecode.swift; path = ListMovieCard.swift; sourceTree = "<group>"; };
		61D998922BC06B4D005B9AF7 /* SearchMovieDetails.swift */ = {isa = PBXFileReference; fileEncoding = 4; lastKnownFileType = sourcecode.swift; path = SearchMovieDetails.swift; sourceTree = "<group>"; };
		61D998942BC0780D005B9AF7 /* GenreListView.swift */ = {isa = PBXFileReference; lastKnownFileType = sourcecode.swift; path = GenreListView.swift; sourceTree = "<group>"; };
/* End PBXFileReference section */

/* Begin PBXFrameworksBuildPhase section */
		61CC29D62B35CEBE0086CDFE /* Frameworks */ = {
			isa = PBXFrameworksBuildPhase;
			buildActionMask = 2147483647;
			files = (
			);
			runOnlyForDeploymentPostprocessing = 0;
		};
/* End PBXFrameworksBuildPhase section */

/* Begin PBXGroup section */
		6181A52C2B8D2D23005710FB /* Config */ = {
			isa = PBXGroup;
			children = (
				6181A52D2B8D2D2E005710FB /* Config.swift */,
			);
			path = Config;
			sourceTree = "<group>";
		};
		61C2190D2BBD7A2F0059B1F2 /* Data */ = {
			isa = PBXGroup;
			children = (
				61C2190E2BBD7A4D0059B1F2 /* MovieDiaryData.xcdatamodeld */,
			);
			path = Data;
			sourceTree = "<group>";
		};
		61C219222BBD85C60059B1F2 /* Provider */ = {
			isa = PBXGroup;
			children = (
				61D203B42BBD94F400563CF4 /* MovieDataProvider.swift */,
			);
			path = Provider;
			sourceTree = "<group>";
		};
		61CA59A32B6B05B500C80D44 /* Components */ = {
			isa = PBXGroup;
			children = (
				61CA59A72B6B0D8400C80D44 /* MovieDiaryViewModel.swift */,
				61CA59A42B6B061E00C80D44 /* MovieCard.swift */,
				6180C6782BBDBC46006E7BFD /* ListFilmCard.swift */,
				6103E7892BBE219300B22D42 /* SortOption.swift */,
				6103E7912BBE2B8900B22D42 /* MovieDetailsHelperViews.swift */,
				61D9988C2BC0641C005B9AF7 /* Structures.swift */,
				61D998902BC06789005B9AF7 /* ListMovieCard.swift */,
			);
			path = Components;
			sourceTree = "<group>";
		};
		61CA59A62B6B0D7300C80D44 /* Views */ = {
			isa = PBXGroup;
			children = (
				61D998922BC06B4D005B9AF7 /* SearchMovieDetails.swift */,
				6180C6762BBDBB4E006E7BFD /* FavouritesView.swift */,
				6103E78B2BBE21F800B22D42 /* WatchedView.swift */,
				6103E78D2BBE232300B22D42 /* WantToWatchView.swift */,
				6103E78F2BBE27A400B22D42 /* MovieDetails.swift */,
				61937E8A2BC028BB00D86046 /* SearchView.swift */,
				61D9988E2BC06549005B9AF7 /* SearchListView.swift */,
				61D998942BC0780D005B9AF7 /* GenreListView.swift */,
			);
			path = Views;
			sourceTree = "<group>";
		};
		61CC29D02B35CEBE0086CDFE = {
			isa = PBXGroup;
			children = (
				61CC29DB2B35CEBE0086CDFE /* Movie Diary */,
				61CC29DA2B35CEBE0086CDFE /* Products */,
			);
			sourceTree = "<group>";
		};
		61CC29DA2B35CEBE0086CDFE /* Products */ = {
			isa = PBXGroup;
			children = (
				61CC29D92B35CEBE0086CDFE /* Movie Diary.app */,
			);
			name = Products;
			sourceTree = "<group>";
		};
		61CC29DB2B35CEBE0086CDFE /* Movie Diary */ = {
			isa = PBXGroup;
			children = (
				61C219222BBD85C60059B1F2 /* Provider */,
				61C2190D2BBD7A2F0059B1F2 /* Data */,
				6181A52C2B8D2D23005710FB /* Config */,
				61CA59A62B6B0D7300C80D44 /* Views */,
				61CA59A32B6B05B500C80D44 /* Components */,
				61CC29DC2B35CEBE0086CDFE /* Movie_DiaryApp.swift */,
				61CC29E02B35CEC00086CDFE /* Assets.xcassets */,
				61CC29E22B35CEC00086CDFE /* Preview Content */,
				6187D9202BB08AF70069CC8A /* ContentView.swift */,
			);
			path = "Movie Diary";
			sourceTree = "<group>";
		};
		61CC29E22B35CEC00086CDFE /* Preview Content */ = {
			isa = PBXGroup;
			children = (
				61CC29E32B35CEC00086CDFE /* Preview Assets.xcassets */,
			);
			path = "Preview Content";
			sourceTree = "<group>";
		};
/* End PBXGroup section */

/* Begin PBXNativeTarget section */
		61CC29D82B35CEBE0086CDFE /* Movie Diary */ = {
			isa = PBXNativeTarget;
			buildConfigurationList = 61CC29E72B35CEC00086CDFE /* Build configuration list for PBXNativeTarget "Movie Diary" */;
			buildPhases = (
				61CC29D52B35CEBE0086CDFE /* Sources */,
				61CC29D62B35CEBE0086CDFE /* Frameworks */,
				61CC29D72B35CEBE0086CDFE /* Resources */,
			);
			buildRules = (
			);
			dependencies = (
			);
			name = "Movie Diary";
			productName = "Movie Diary";
			productReference = 61CC29D92B35CEBE0086CDFE /* Movie Diary.app */;
			productType = "com.apple.product-type.application";
		};
/* End PBXNativeTarget section */

/* Begin PBXProject section */
		61CC29D12B35CEBE0086CDFE /* Project object */ = {
			isa = PBXProject;
			attributes = {
				BuildIndependentTargetsInParallel = 1;
				LastSwiftUpdateCheck = 1510;
				LastUpgradeCheck = 1510;
				TargetAttributes = {
					61CC29D82B35CEBE0086CDFE = {
						CreatedOnToolsVersion = 15.1;
					};
				};
			};
			buildConfigurationList = 61CC29D42B35CEBE0086CDFE /* Build configuration list for PBXProject "Movie Diary" */;
			compatibilityVersion = "Xcode 14.0";
			developmentRegion = en;
			hasScannedForEncodings = 0;
			knownRegions = (
				en,
				Base,
			);
			mainGroup = 61CC29D02B35CEBE0086CDFE;
			productRefGroup = 61CC29DA2B35CEBE0086CDFE /* Products */;
			projectDirPath = "";
			projectRoot = "";
			targets = (
				61CC29D82B35CEBE0086CDFE /* Movie Diary */,
			);
		};
/* End PBXProject section */

/* Begin PBXResourcesBuildPhase section */
		61CC29D72B35CEBE0086CDFE /* Resources */ = {
			isa = PBXResourcesBuildPhase;
			buildActionMask = 2147483647;
			files = (
				61CC29E42B35CEC00086CDFE /* Preview Assets.xcassets in Resources */,
				61CC29E12B35CEC00086CDFE /* Assets.xcassets in Resources */,
			);
			runOnlyForDeploymentPostprocessing = 0;
		};
/* End PBXResourcesBuildPhase section */

/* Begin PBXSourcesBuildPhase section */
		61CC29D52B35CEBE0086CDFE /* Sources */ = {
			isa = PBXSourcesBuildPhase;
			buildActionMask = 2147483647;
			files = (
				61D9988D2BC0641C005B9AF7 /* Structures.swift in Sources */,
				6103E7922BBE2B8900B22D42 /* MovieDetailsHelperViews.swift in Sources */,
				61CA59A52B6B061E00C80D44 /* MovieCard.swift in Sources */,
				6103E7902BBE27A400B22D42 /* MovieDetails.swift in Sources */,
				61D998932BC06B4D005B9AF7 /* SearchMovieDetails.swift in Sources */,
				6180C6772BBDBB4E006E7BFD /* FavouritesView.swift in Sources */,
				61CA59A82B6B0D8400C80D44 /* MovieDiaryViewModel.swift in Sources */,
				61D9988F2BC06549005B9AF7 /* SearchListView.swift in Sources */,
				6103E78C2BBE21F800B22D42 /* WatchedView.swift in Sources */,
				6187D9212BB08AF80069CC8A /* ContentView.swift in Sources */,
				6103E78A2BBE219300B22D42 /* SortOption.swift in Sources */,
				61D203B52BBD94F400563CF4 /* MovieDataProvider.swift in Sources */,
				6181A52E2B8D2D2E005710FB /* Config.swift in Sources */,
				6180C6792BBDBC46006E7BFD /* ListFilmCard.swift in Sources */,
				61CC29DD2B35CEBE0086CDFE /* Movie_DiaryApp.swift in Sources */,
				61937E8B2BC028BB00D86046 /* SearchView.swift in Sources */,
				61C219102BBD7A4D0059B1F2 /* MovieDiaryData.xcdatamodeld in Sources */,
				61D998912BC06789005B9AF7 /* ListMovieCard.swift in Sources */,
				61D998952BC0780D005B9AF7 /* GenreListView.swift in Sources */,
				6103E78E2BBE232300B22D42 /* WantToWatchView.swift in Sources */,
			);
			runOnlyForDeploymentPostprocessing = 0;
		};
/* End PBXSourcesBuildPhase section */

/* Begin XCBuildConfiguration section */
		61CC29E52B35CEC00086CDFE /* Debug */ = {
			isa = XCBuildConfiguration;
			buildSettings = {
				ALWAYS_SEARCH_USER_PATHS = NO;
				ASSETCATALOG_COMPILER_GENERATE_SWIFT_ASSET_SYMBOL_EXTENSIONS = YES;
				CLANG_ANALYZER_NONNULL = YES;
				CLANG_ANALYZER_NUMBER_OBJECT_CONVERSION = YES_AGGRESSIVE;
				CLANG_CXX_LANGUAGE_STANDARD = "gnu++20";
				CLANG_ENABLE_MODULES = YES;
				CLANG_ENABLE_OBJC_ARC = YES;
				CLANG_ENABLE_OBJC_WEAK = YES;
				CLANG_WARN_BLOCK_CAPTURE_AUTORELEASING = YES;
				CLANG_WARN_BOOL_CONVERSION = YES;
				CLANG_WARN_COMMA = YES;
				CLANG_WARN_CONSTANT_CONVERSION = YES;
				CLANG_WARN_DEPRECATED_OBJC_IMPLEMENTATIONS = YES;
				CLANG_WARN_DIRECT_OBJC_ISA_USAGE = YES_ERROR;
				CLANG_WARN_DOCUMENTATION_COMMENTS = YES;
				CLANG_WARN_EMPTY_BODY = YES;
				CLANG_WARN_ENUM_CONVERSION = YES;
				CLANG_WARN_INFINITE_RECURSION = YES;
				CLANG_WARN_INT_CONVERSION = YES;
				CLANG_WARN_NON_LITERAL_NULL_CONVERSION = YES;
				CLANG_WARN_OBJC_IMPLICIT_RETAIN_SELF = YES;
				CLANG_WARN_OBJC_LITERAL_CONVERSION = YES;
				CLANG_WARN_OBJC_ROOT_CLASS = YES_ERROR;
				CLANG_WARN_QUOTED_INCLUDE_IN_FRAMEWORK_HEADER = YES;
				CLANG_WARN_RANGE_LOOP_ANALYSIS = YES;
				CLANG_WARN_STRICT_PROTOTYPES = YES;
				CLANG_WARN_SUSPICIOUS_MOVE = YES;
				CLANG_WARN_UNGUARDED_AVAILABILITY = YES_AGGRESSIVE;
				CLANG_WARN_UNREACHABLE_CODE = YES;
				CLANG_WARN__DUPLICATE_METHOD_MATCH = YES;
				COPY_PHASE_STRIP = NO;
				DEBUG_INFORMATION_FORMAT = dwarf;
				ENABLE_STRICT_OBJC_MSGSEND = YES;
				ENABLE_TESTABILITY = YES;
				ENABLE_USER_SCRIPT_SANDBOXING = YES;
				GCC_C_LANGUAGE_STANDARD = gnu17;
				GCC_DYNAMIC_NO_PIC = NO;
				GCC_NO_COMMON_BLOCKS = YES;
				GCC_OPTIMIZATION_LEVEL = 0;
				GCC_PREPROCESSOR_DEFINITIONS = (
					"DEBUG=1",
					"$(inherited)",
				);
				GCC_WARN_64_TO_32_BIT_CONVERSION = YES;
				GCC_WARN_ABOUT_RETURN_TYPE = YES_ERROR;
				GCC_WARN_UNDECLARED_SELECTOR = YES;
				GCC_WARN_UNINITIALIZED_AUTOS = YES_AGGRESSIVE;
				GCC_WARN_UNUSED_FUNCTION = YES;
				GCC_WARN_UNUSED_VARIABLE = YES;
				IPHONEOS_DEPLOYMENT_TARGET = 17.2;
				LOCALIZATION_PREFERS_STRING_CATALOGS = YES;
				MTL_ENABLE_DEBUG_INFO = INCLUDE_SOURCE;
				MTL_FAST_MATH = YES;
				ONLY_ACTIVE_ARCH = YES;
				SDKROOT = iphoneos;
				SWIFT_ACTIVE_COMPILATION_CONDITIONS = "DEBUG $(inherited)";
				SWIFT_OPTIMIZATION_LEVEL = "-Onone";
			};
			name = Debug;
		};
		61CC29E62B35CEC00086CDFE /* Release */ = {
			isa = XCBuildConfiguration;
			buildSettings = {
				ALWAYS_SEARCH_USER_PATHS = NO;
				ASSETCATALOG_COMPILER_GENERATE_SWIFT_ASSET_SYMBOL_EXTENSIONS = YES;
				CLANG_ANALYZER_NONNULL = YES;
				CLANG_ANALYZER_NUMBER_OBJECT_CONVERSION = YES_AGGRESSIVE;
				CLANG_CXX_LANGUAGE_STANDARD = "gnu++20";
				CLANG_ENABLE_MODULES = YES;
				CLANG_ENABLE_OBJC_ARC = YES;
				CLANG_ENABLE_OBJC_WEAK = YES;
				CLANG_WARN_BLOCK_CAPTURE_AUTORELEASING = YES;
				CLANG_WARN_BOOL_CONVERSION = YES;
				CLANG_WARN_COMMA = YES;
				CLANG_WARN_CONSTANT_CONVERSION = YES;
				CLANG_WARN_DEPRECATED_OBJC_IMPLEMENTATIONS = YES;
				CLANG_WARN_DIRECT_OBJC_ISA_USAGE = YES_ERROR;
				CLANG_WARN_DOCUMENTATION_COMMENTS = YES;
				CLANG_WARN_EMPTY_BODY = YES;
				CLANG_WARN_ENUM_CONVERSION = YES;
				CLANG_WARN_INFINITE_RECURSION = YES;
				CLANG_WARN_INT_CONVERSION = YES;
				CLANG_WARN_NON_LITERAL_NULL_CONVERSION = YES;
				CLANG_WARN_OBJC_IMPLICIT_RETAIN_SELF = YES;
				CLANG_WARN_OBJC_LITERAL_CONVERSION = YES;
				CLANG_WARN_OBJC_ROOT_CLASS = YES_ERROR;
				CLANG_WARN_QUOTED_INCLUDE_IN_FRAMEWORK_HEADER = YES;
				CLANG_WARN_RANGE_LOOP_ANALYSIS = YES;
				CLANG_WARN_STRICT_PROTOTYPES = YES;
				CLANG_WARN_SUSPICIOUS_MOVE = YES;
				CLANG_WARN_UNGUARDED_AVAILABILITY = YES_AGGRESSIVE;
				CLANG_WARN_UNREACHABLE_CODE = YES;
				CLANG_WARN__DUPLICATE_METHOD_MATCH = YES;
				COPY_PHASE_STRIP = NO;
				DEBUG_INFORMATION_FORMAT = "dwarf-with-dsym";
				ENABLE_NS_ASSERTIONS = NO;
				ENABLE_STRICT_OBJC_MSGSEND = YES;
				ENABLE_USER_SCRIPT_SANDBOXING = YES;
				GCC_C_LANGUAGE_STANDARD = gnu17;
				GCC_NO_COMMON_BLOCKS = YES;
				GCC_WARN_64_TO_32_BIT_CONVERSION = YES;
				GCC_WARN_ABOUT_RETURN_TYPE = YES_ERROR;
				GCC_WARN_UNDECLARED_SELECTOR = YES;
				GCC_WARN_UNINITIALIZED_AUTOS = YES_AGGRESSIVE;
				GCC_WARN_UNUSED_FUNCTION = YES;
				GCC_WARN_UNUSED_VARIABLE = YES;
				IPHONEOS_DEPLOYMENT_TARGET = 17.2;
				LOCALIZATION_PREFERS_STRING_CATALOGS = YES;
				MTL_ENABLE_DEBUG_INFO = NO;
				MTL_FAST_MATH = YES;
				SDKROOT = iphoneos;
				SWIFT_COMPILATION_MODE = wholemodule;
				VALIDATE_PRODUCT = YES;
			};
			name = Release;
		};
		61CC29E82B35CEC00086CDFE /* Debug */ = {
			isa = XCBuildConfiguration;
			buildSettings = {
				ASSETCATALOG_COMPILER_APPICON_NAME = AppIcon;
				ASSETCATALOG_COMPILER_GLOBAL_ACCENT_COLOR_NAME = AccentColor;
				CODE_SIGN_STYLE = Automatic;
				CURRENT_PROJECT_VERSION = 1;
				DEVELOPMENT_ASSET_PATHS = "\"Movie Diary/Preview Content\"";
				ENABLE_PREVIEWS = YES;
				GENERATE_INFOPLIST_FILE = YES;
				INFOPLIST_KEY_UIApplicationSceneManifest_Generation = YES;
				INFOPLIST_KEY_UIApplicationSupportsIndirectInputEvents = YES;
				INFOPLIST_KEY_UILaunchScreen_Generation = YES;
				INFOPLIST_KEY_UISupportedInterfaceOrientations_iPad = "UIInterfaceOrientationPortrait UIInterfaceOrientationPortraitUpsideDown UIInterfaceOrientationLandscapeLeft UIInterfaceOrientationLandscapeRight";
				INFOPLIST_KEY_UISupportedInterfaceOrientations_iPhone = "UIInterfaceOrientationPortrait UIInterfaceOrientationLandscapeLeft UIInterfaceOrientationLandscapeRight";
				LD_RUNPATH_SEARCH_PATHS = (
					"$(inherited)",
					"@executable_path/Frameworks",
				);
				MARKETING_VERSION = 1.0;
				PRODUCT_BUNDLE_IDENTIFIER = "com.mateusz.Movie-Diary";
				PRODUCT_NAME = "$(TARGET_NAME)";
				SWIFT_EMIT_LOC_STRINGS = YES;
				SWIFT_VERSION = 5.0;
				TARGETED_DEVICE_FAMILY = "1,2";
			};
			name = Debug;
		};
		61CC29E92B35CEC00086CDFE /* Release */ = {
			isa = XCBuildConfiguration;
			buildSettings = {
				ASSETCATALOG_COMPILER_APPICON_NAME = AppIcon;
				ASSETCATALOG_COMPILER_GLOBAL_ACCENT_COLOR_NAME = AccentColor;
				CODE_SIGN_STYLE = Automatic;
				CURRENT_PROJECT_VERSION = 1;
				DEVELOPMENT_ASSET_PATHS = "\"Movie Diary/Preview Content\"";
				ENABLE_PREVIEWS = YES;
				GENERATE_INFOPLIST_FILE = YES;
				INFOPLIST_KEY_UIApplicationSceneManifest_Generation = YES;
				INFOPLIST_KEY_UIApplicationSupportsIndirectInputEvents = YES;
				INFOPLIST_KEY_UILaunchScreen_Generation = YES;
				INFOPLIST_KEY_UISupportedInterfaceOrientations_iPad = "UIInterfaceOrientationPortrait UIInterfaceOrientationPortraitUpsideDown UIInterfaceOrientationLandscapeLeft UIInterfaceOrientationLandscapeRight";
				INFOPLIST_KEY_UISupportedInterfaceOrientations_iPhone = "UIInterfaceOrientationPortrait UIInterfaceOrientationLandscapeLeft UIInterfaceOrientationLandscapeRight";
				LD_RUNPATH_SEARCH_PATHS = (
					"$(inherited)",
					"@executable_path/Frameworks",
				);
				MARKETING_VERSION = 1.0;
				PRODUCT_BUNDLE_IDENTIFIER = "com.mateusz.Movie-Diary";
				PRODUCT_NAME = "$(TARGET_NAME)";
				SWIFT_EMIT_LOC_STRINGS = YES;
				SWIFT_VERSION = 5.0;
				TARGETED_DEVICE_FAMILY = "1,2";
			};
			name = Release;
		};
/* End XCBuildConfiguration section */

/* Begin XCConfigurationList section */
		61CC29D42B35CEBE0086CDFE /* Build configuration list for PBXProject "Movie Diary" */ = {
			isa = XCConfigurationList;
			buildConfigurations = (
				61CC29E52B35CEC00086CDFE /* Debug */,
				61CC29E62B35CEC00086CDFE /* Release */,
			);
			defaultConfigurationIsVisible = 0;
			defaultConfigurationName = Release;
		};
		61CC29E72B35CEC00086CDFE /* Build configuration list for PBXNativeTarget "Movie Diary" */ = {
			isa = XCConfigurationList;
			buildConfigurations = (
				61CC29E82B35CEC00086CDFE /* Debug */,
				61CC29E92B35CEC00086CDFE /* Release */,
			);
			defaultConfigurationIsVisible = 0;
			defaultConfigurationName = Release;
		};
/* End XCConfigurationList section */

/* Begin XCVersionGroup section */
		61C2190E2BBD7A4D0059B1F2 /* MovieDiaryData.xcdatamodeld */ = {
			isa = XCVersionGroup;
			children = (
				61C2190F2BBD7A4D0059B1F2 /* MovieDiaryData.xcdatamodel */,
			);
			currentVersion = 61C2190F2BBD7A4D0059B1F2 /* MovieDiaryData.xcdatamodel */;
			name = MovieDiaryData.xcdatamodeld;
			path = "/Users/mateusz/Documents/Git/Movie Diary/Movie Diary/Data/MovieDiaryData.xcdatamodeld";
			sourceTree = "<group>";
			versionGroupType = wrapper.xcdatamodel;
		};
/* End XCVersionGroup section */
	};
	rootObject = 61CC29D12B35CEBE0086CDFE /* Project object */;
}
